
Microsoft Visual Studio Solution File, Format Version 12.00
# Visual Studio Version 16
VisualStudioVersion = 16.0.31321.278
MinimumVisualStudioVersion = 10.0.40219.1
Project("{FAE04EC0-301F-11D3-BF4B-00C04F79EFBC}") = "WebApp", "WebApp\WebApp.csproj", "{D85BE5F4-1545-48EC-8CAD-A382EF0F08D7}"
EndProject
Global
	GlobalSection(SolutionConfigurationPlatforms) = preSolution
		Debug|Any CPU = Debug|Any CPU
		Release|Any CPU = Release|Any CPU
	EndGlobalSection
	GlobalSection(ProjectConfigurationPlatforms) = postSolution
		{D85BE5F4-1545-48EC-8CAD-A382EF0F08D7}.Debug|Any CPU.ActiveCfg = Debug|Any CPU
		{D85BE5F4-1545-48EC-8CAD-A382EF0F08D7}.Debug|Any CPU.Build.0 = Debug|Any CPU
		{D85BE5F4-1545-48EC-8CAD-A382EF0F08D7}.Release|Any CPU.ActiveCfg = Release|Any CPU
		{D85BE5F4-1545-48EC-8CAD-A382EF0F08D7}.Release|Any CPU.Build.0 = Release|Any CPU
	EndGlobalSection
	GlobalSection(SolutionProperties) = preSolution
		HideSolutionNode = FALSE
	EndGlobalSection
	GlobalSection(ExtensibilityGlobals) = postSolution
		SolutionGuid = {224F94C9-73AE-4209-B498-C57269111CFA}
	EndGlobalSection
EndGlobal
