
Microsoft Visual Studio Solution File, Format Version 12.00
# Visual Studio Version 16
VisualStudioVersion = 16.0.31321.278
MinimumVisualStudioVersion = 10.0.40219.1
Project("{9A19103F-16F7-4668-BE54-9A1E7A4F7556}") = "WebApp", "WebApp\WebApp.csproj", "{D85BE5F4-1545-48EC-8CAD-A382EF0F08D7}"
EndProject
Project("{9A19103F-16F7-4668-BE54-9A1E7A4F7556}") = "UseCases", "UseCases\UseCases.csproj", "{55B6E522-DC06-41D2-A344-71E92BEC574F}"
EndProject
Project("{9A19103F-16F7-4668-BE54-9A1E7A4F7556}") = "CoreBusiness", "CoreBusiness\CoreBusiness.csproj", "{F24A346F-2F83-4FB3-90B2-3F05A38E5FEF}"
EndProject
Project("{9A19103F-16F7-4668-BE54-9A1E7A4F7556}") = "Plugins.DataStore.InMemory", "Plugins.DataStore.InMemory\Plugins.DataStore.InMemory.csproj", "{0F180375-6976-431B-BD74-B33456A84077}"
EndProject
Global
	GlobalSection(SolutionConfigurationPlatforms) = preSolution
		Debug|Any CPU = Debug|Any CPU
		Release|Any CPU = Release|Any CPU
	EndGlobalSection
	GlobalSection(ProjectConfigurationPlatforms) = postSolution
		{D85BE5F4-1545-48EC-8CAD-A382EF0F08D7}.Debug|Any CPU.ActiveCfg = Debug|Any CPU
		{D85BE5F4-1545-48EC-8CAD-A382EF0F08D7}.Debug|Any CPU.Build.0 = Debug|Any CPU
		{D85BE5F4-1545-48EC-8CAD-A382EF0F08D7}.Release|Any CPU.ActiveCfg = Release|Any CPU
		{D85BE5F4-1545-48EC-8CAD-A382EF0F08D7}.Release|Any CPU.Build.0 = Release|Any CPU
		{55B6E522-DC06-41D2-A344-71E92BEC574F}.Debug|Any CPU.ActiveCfg = Debug|Any CPU
		{55B6E522-DC06-41D2-A344-71E92BEC574F}.Debug|Any CPU.Build.0 = Debug|Any CPU
		{55B6E522-DC06-41D2-A344-71E92BEC574F}.Release|Any CPU.ActiveCfg = Release|Any CPU
		{55B6E522-DC06-41D2-A344-71E92BEC574F}.Release|Any CPU.Build.0 = Release|Any CPU
		{F24A346F-2F83-4FB3-90B2-3F05A38E5FEF}.Debug|Any CPU.ActiveCfg = Debug|Any CPU
		{F24A346F-2F83-4FB3-90B2-3F05A38E5FEF}.Debug|Any CPU.Build.0 = Debug|Any CPU
		{F24A346F-2F83-4FB3-90B2-3F05A38E5FEF}.Release|Any CPU.ActiveCfg = Release|Any CPU
		{F24A346F-2F83-4FB3-90B2-3F05A38E5FEF}.Release|Any CPU.Build.0 = Release|Any CPU
		{0F180375-6976-431B-BD74-B33456A84077}.Debug|Any CPU.ActiveCfg = Debug|Any CPU
		{0F180375-6976-431B-BD74-B33456A84077}.Debug|Any CPU.Build.0 = Debug|Any CPU
		{0F180375-6976-431B-BD74-B33456A84077}.Release|Any CPU.ActiveCfg = Release|Any CPU
		{0F180375-6976-431B-BD74-B33456A84077}.Release|Any CPU.Build.0 = Release|Any CPU
	EndGlobalSection
	GlobalSection(SolutionProperties) = preSolution
		HideSolutionNode = FALSE
	EndGlobalSection
	GlobalSection(ExtensibilityGlobals) = postSolution
		SolutionGuid = {224F94C9-73AE-4209-B498-C57269111CFA}
	EndGlobalSection
EndGlobal
